
Microsoft Visual Studio Solution File, Format Version 12.00
# Visual Studio Version 17
VisualStudioVersion = 17.1.32421.90
MinimumVisualStudioVersion = 10.0.40219.1
Project("{FAE04EC0-301F-11D3-BF4B-00C04F79EFBC}") = "Api.CacheInMemory", "Api.CacheInMemory\Api.CacheInMemory.csproj", "{C8F3BFE0-F1D7-49AA-BDEB-D44BDEC853C2}"
EndProject
Global
	GlobalSection(SolutionConfigurationPlatforms) = preSolution
		Debug|Any CPU = Debug|Any CPU
		Release|Any CPU = Release|Any CPU
	EndGlobalSection
	GlobalSection(ProjectConfigurationPlatforms) = postSolution
		{C8F3BFE0-F1D7-49AA-BDEB-D44BDEC853C2}.Debug|Any CPU.ActiveCfg = Debug|Any CPU
		{C8F3BFE0-F1D7-49AA-BDEB-D44BDEC853C2}.Debug|Any CPU.Build.0 = Debug|Any CPU
		{C8F3BFE0-F1D7-49AA-BDEB-D44BDEC853C2}.Release|Any CPU.ActiveCfg = Release|Any CPU
		{C8F3BFE0-F1D7-49AA-BDEB-D44BDEC853C2}.Release|Any CPU.Build.0 = Release|Any CPU
	EndGlobalSection
	GlobalSection(SolutionProperties) = preSolution
		HideSolutionNode = FALSE
	EndGlobalSection
	GlobalSection(ExtensibilityGlobals) = postSolution
		SolutionGuid = {8D796246-E1A7-4AC3-9D39-4F8C882DA099}
	EndGlobalSection
EndGlobal
